
Microsoft Visual Studio Solution File, Format Version 12.00
# Visual Studio Version 16
VisualStudioVersion = 16.0.29123.88
MinimumVisualStudioVersion = 10.0.40219.1
Project("{FAE04EC0-301F-11D3-BF4B-00C04F79EFBC}") = "Homework_01", "Homework_01\Homework_01.csproj", "{7FF7F46B-89CD-46C7-994A-D5CB3AA8D718}"
EndProject
Project("{FAE04EC0-301F-11D3-BF4B-00C04F79EFBC}") = "Homework_02", "Homework_02\Homework_02.csproj", "{19A29861-EDF2-44FF-9C63-FEAE0939348E}"
EndProject
Project("{FAE04EC0-301F-11D3-BF4B-00C04F79EFBC}") = "Homework_03", "Homework_03\Homework_03.csproj", "{003BDC77-7FBF-4762-A477-330A52636A84}"
EndProject
Project("{FAE04EC0-301F-11D3-BF4B-00C04F79EFBC}") = "Homework_04", "Homework_04\Homework_04.csproj", "{F1FA1384-19C3-43B5-8900-E45234AFF3EE}"
EndProject
Project("{FAE04EC0-301F-11D3-BF4B-00C04F79EFBC}") = "Homework_05", "Homework_05\Homework_05.csproj", "{F0B31298-52B0-4E6D-B5D5-1CC388DC6BD5}"
EndProject
Project("{FAE04EC0-301F-11D3-BF4B-00C04F79EFBC}") = "Homework_06", "Homework_06\Homework_06.csproj", "{F9F37E08-E190-4C25-9B9E-8993EC7B8EB9}"
EndProject
Project("{FAE04EC0-301F-11D3-BF4B-00C04F79EFBC}") = "Homework_07", "Homework_07\Homework_07.csproj", "{F386A7F5-3E67-4836-B174-64401FE3F953}"
EndProject
Project("{FAE04EC0-301F-11D3-BF4B-00C04F79EFBC}") = "Homework_08", "Homework_08\Homework_08.csproj", "{1FAE5C45-839A-4C25-84CE-2C7F109B1047}"
EndProject
Project("{FAE04EC0-301F-11D3-BF4B-00C04F79EFBC}") = "Homework_09", "Homework_09\Homework_09.csproj", "{65F6D401-FAD9-465B-AA3F-EB1B07E0E3A3}"
EndProject
Project("{FAE04EC0-301F-11D3-BF4B-00C04F79EFBC}") = "Homework_10", "Homework_10\Homework_10.csproj", "{2B2847F8-1915-4BA0-A9A1-A1B2A7AA56A9}"
EndProject
Project("{FAE04EC0-301F-11D3-BF4B-00C04F79EFBC}") = "Homework_11", "Homework_11\Homework_11.csproj", "{887E89DF-ABAD-4A02-8CF8-B5475A1409AA}"
EndProject
Project("{FAE04EC0-301F-11D3-BF4B-00C04F79EFBC}") = "Homework_12", "Homework_12\Homework_12.csproj", "{7B059C8A-3DB2-4EA8-B6BD-8C9C078BACCB}"
EndProject
Project("{9A19103F-16F7-4668-BE54-9A1E7A4F7556}") = "Homework_13", "Homework_13\Homework_13.csproj", "{1572E3E5-B2C5-4C9A-A1A0-7F7D43177E68}"
EndProject
Project("{9A19103F-16F7-4668-BE54-9A1E7A4F7556}") = "Homework_13_Tests", "Homework_13_Tests\Homework_13_Tests.csproj", "{7F077D09-2CDF-4AC4-B7DD-3E1255A12069}"
EndProject
Project("{FAE04EC0-301F-11D3-BF4B-00C04F79EFBC}") = "TreeViewExtension", "TreeViewExtension\TreeViewExtension.csproj", "{6451EA32-D1A5-4702-929C-DE47B933818E}"
EndProject
Project("{9A19103F-16F7-4668-BE54-9A1E7A4F7556}") = "Homework_16", "Homework_16\Homework_16.csproj", "{E0310477-C1D7-450C-8ECC-0DA2D18DF82B}"
EndProject
Project("{9A19103F-16F7-4668-BE54-9A1E7A4F7556}") = "Homework_17", "Homework_17\Homework_17.csproj", "{AE658190-BB8D-4FA7-81DB-DA14D1714D1B}"
EndProject
Project("{FAE04EC0-301F-11D3-BF4B-00C04F79EFBC}") = "Homework_18", "Homework_18\Homework_18.csproj", "{C0F09778-D81B-4F7E-95C5-F9F32BF14A4E}"
EndProject
Global
	GlobalSection(SolutionConfigurationPlatforms) = preSolution
		Debug|Any CPU = Debug|Any CPU
		Release|Any CPU = Release|Any CPU
	EndGlobalSection
	GlobalSection(ProjectConfigurationPlatforms) = postSolution
		{7FF7F46B-89CD-46C7-994A-D5CB3AA8D718}.Debug|Any CPU.ActiveCfg = Debug|Any CPU
		{7FF7F46B-89CD-46C7-994A-D5CB3AA8D718}.Debug|Any CPU.Build.0 = Debug|Any CPU
		{7FF7F46B-89CD-46C7-994A-D5CB3AA8D718}.Release|Any CPU.ActiveCfg = Release|Any CPU
		{7FF7F46B-89CD-46C7-994A-D5CB3AA8D718}.Release|Any CPU.Build.0 = Release|Any CPU
		{19A29861-EDF2-44FF-9C63-FEAE0939348E}.Debug|Any CPU.ActiveCfg = Debug|Any CPU
		{19A29861-EDF2-44FF-9C63-FEAE0939348E}.Debug|Any CPU.Build.0 = Debug|Any CPU
		{19A29861-EDF2-44FF-9C63-FEAE0939348E}.Release|Any CPU.ActiveCfg = Release|Any CPU
		{19A29861-EDF2-44FF-9C63-FEAE0939348E}.Release|Any CPU.Build.0 = Release|Any CPU
		{003BDC77-7FBF-4762-A477-330A52636A84}.Debug|Any CPU.ActiveCfg = Debug|Any CPU
		{003BDC77-7FBF-4762-A477-330A52636A84}.Debug|Any CPU.Build.0 = Debug|Any CPU
		{003BDC77-7FBF-4762-A477-330A52636A84}.Release|Any CPU.ActiveCfg = Release|Any CPU
		{003BDC77-7FBF-4762-A477-330A52636A84}.Release|Any CPU.Build.0 = Release|Any CPU
		{F1FA1384-19C3-43B5-8900-E45234AFF3EE}.Debug|Any CPU.ActiveCfg = Debug|Any CPU
		{F1FA1384-19C3-43B5-8900-E45234AFF3EE}.Debug|Any CPU.Build.0 = Debug|Any CPU
		{F1FA1384-19C3-43B5-8900-E45234AFF3EE}.Release|Any CPU.ActiveCfg = Release|Any CPU
		{F1FA1384-19C3-43B5-8900-E45234AFF3EE}.Release|Any CPU.Build.0 = Release|Any CPU
		{F0B31298-52B0-4E6D-B5D5-1CC388DC6BD5}.Debug|Any CPU.ActiveCfg = Debug|Any CPU
		{F0B31298-52B0-4E6D-B5D5-1CC388DC6BD5}.Debug|Any CPU.Build.0 = Debug|Any CPU
		{F0B31298-52B0-4E6D-B5D5-1CC388DC6BD5}.Release|Any CPU.ActiveCfg = Release|Any CPU
		{F0B31298-52B0-4E6D-B5D5-1CC388DC6BD5}.Release|Any CPU.Build.0 = Release|Any CPU
		{F9F37E08-E190-4C25-9B9E-8993EC7B8EB9}.Debug|Any CPU.ActiveCfg = Debug|Any CPU
		{F9F37E08-E190-4C25-9B9E-8993EC7B8EB9}.Debug|Any CPU.Build.0 = Debug|Any CPU
		{F9F37E08-E190-4C25-9B9E-8993EC7B8EB9}.Release|Any CPU.ActiveCfg = Release|Any CPU
		{F9F37E08-E190-4C25-9B9E-8993EC7B8EB9}.Release|Any CPU.Build.0 = Release|Any CPU
		{F386A7F5-3E67-4836-B174-64401FE3F953}.Debug|Any CPU.ActiveCfg = Debug|Any CPU
		{F386A7F5-3E67-4836-B174-64401FE3F953}.Debug|Any CPU.Build.0 = Debug|Any CPU
		{F386A7F5-3E67-4836-B174-64401FE3F953}.Release|Any CPU.ActiveCfg = Release|Any CPU
		{F386A7F5-3E67-4836-B174-64401FE3F953}.Release|Any CPU.Build.0 = Release|Any CPU
		{1FAE5C45-839A-4C25-84CE-2C7F109B1047}.Debug|Any CPU.ActiveCfg = Debug|Any CPU
		{1FAE5C45-839A-4C25-84CE-2C7F109B1047}.Debug|Any CPU.Build.0 = Debug|Any CPU
		{1FAE5C45-839A-4C25-84CE-2C7F109B1047}.Release|Any CPU.ActiveCfg = Release|Any CPU
		{1FAE5C45-839A-4C25-84CE-2C7F109B1047}.Release|Any CPU.Build.0 = Release|Any CPU
		{65F6D401-FAD9-465B-AA3F-EB1B07E0E3A3}.Debug|Any CPU.ActiveCfg = Debug|Any CPU
		{65F6D401-FAD9-465B-AA3F-EB1B07E0E3A3}.Debug|Any CPU.Build.0 = Debug|Any CPU
		{65F6D401-FAD9-465B-AA3F-EB1B07E0E3A3}.Release|Any CPU.ActiveCfg = Release|Any CPU
		{65F6D401-FAD9-465B-AA3F-EB1B07E0E3A3}.Release|Any CPU.Build.0 = Release|Any CPU
		{2B2847F8-1915-4BA0-A9A1-A1B2A7AA56A9}.Debug|Any CPU.ActiveCfg = Debug|Any CPU
		{2B2847F8-1915-4BA0-A9A1-A1B2A7AA56A9}.Debug|Any CPU.Build.0 = Debug|Any CPU
		{2B2847F8-1915-4BA0-A9A1-A1B2A7AA56A9}.Release|Any CPU.ActiveCfg = Release|Any CPU
		{2B2847F8-1915-4BA0-A9A1-A1B2A7AA56A9}.Release|Any CPU.Build.0 = Release|Any CPU
		{887E89DF-ABAD-4A02-8CF8-B5475A1409AA}.Debug|Any CPU.ActiveCfg = Debug|Any CPU
		{887E89DF-ABAD-4A02-8CF8-B5475A1409AA}.Debug|Any CPU.Build.0 = Debug|Any CPU
		{887E89DF-ABAD-4A02-8CF8-B5475A1409AA}.Release|Any CPU.ActiveCfg = Release|Any CPU
		{887E89DF-ABAD-4A02-8CF8-B5475A1409AA}.Release|Any CPU.Build.0 = Release|Any CPU
		{7B059C8A-3DB2-4EA8-B6BD-8C9C078BACCB}.Debug|Any CPU.ActiveCfg = Debug|Any CPU
		{7B059C8A-3DB2-4EA8-B6BD-8C9C078BACCB}.Debug|Any CPU.Build.0 = Debug|Any CPU
		{7B059C8A-3DB2-4EA8-B6BD-8C9C078BACCB}.Release|Any CPU.ActiveCfg = Release|Any CPU
		{7B059C8A-3DB2-4EA8-B6BD-8C9C078BACCB}.Release|Any CPU.Build.0 = Release|Any CPU
		{1572E3E5-B2C5-4C9A-A1A0-7F7D43177E68}.Debug|Any CPU.ActiveCfg = Debug|Any CPU
		{1572E3E5-B2C5-4C9A-A1A0-7F7D43177E68}.Debug|Any CPU.Build.0 = Debug|Any CPU
		{1572E3E5-B2C5-4C9A-A1A0-7F7D43177E68}.Release|Any CPU.ActiveCfg = Release|Any CPU
		{1572E3E5-B2C5-4C9A-A1A0-7F7D43177E68}.Release|Any CPU.Build.0 = Release|Any CPU
		{7F077D09-2CDF-4AC4-B7DD-3E1255A12069}.Debug|Any CPU.ActiveCfg = Debug|Any CPU
		{7F077D09-2CDF-4AC4-B7DD-3E1255A12069}.Debug|Any CPU.Build.0 = Debug|Any CPU
		{7F077D09-2CDF-4AC4-B7DD-3E1255A12069}.Release|Any CPU.ActiveCfg = Release|Any CPU
		{7F077D09-2CDF-4AC4-B7DD-3E1255A12069}.Release|Any CPU.Build.0 = Release|Any CPU
		{6451EA32-D1A5-4702-929C-DE47B933818E}.Debug|Any CPU.ActiveCfg = Debug|Any CPU
		{6451EA32-D1A5-4702-929C-DE47B933818E}.Debug|Any CPU.Build.0 = Debug|Any CPU
		{6451EA32-D1A5-4702-929C-DE47B933818E}.Release|Any CPU.ActiveCfg = Release|Any CPU
		{6451EA32-D1A5-4702-929C-DE47B933818E}.Release|Any CPU.Build.0 = Release|Any CPU
		{E0310477-C1D7-450C-8ECC-0DA2D18DF82B}.Debug|Any CPU.ActiveCfg = Debug|Any CPU
		{E0310477-C1D7-450C-8ECC-0DA2D18DF82B}.Debug|Any CPU.Build.0 = Debug|Any CPU
		{E0310477-C1D7-450C-8ECC-0DA2D18DF82B}.Release|Any CPU.ActiveCfg = Release|Any CPU
		{E0310477-C1D7-450C-8ECC-0DA2D18DF82B}.Release|Any CPU.Build.0 = Release|Any CPU
		{AE658190-BB8D-4FA7-81DB-DA14D1714D1B}.Debug|Any CPU.ActiveCfg = Debug|Any CPU
		{AE658190-BB8D-4FA7-81DB-DA14D1714D1B}.Debug|Any CPU.Build.0 = Debug|Any CPU
		{AE658190-BB8D-4FA7-81DB-DA14D1714D1B}.Release|Any CPU.ActiveCfg = Release|Any CPU
		{AE658190-BB8D-4FA7-81DB-DA14D1714D1B}.Release|Any CPU.Build.0 = Release|Any CPU
		{C0F09778-D81B-4F7E-95C5-F9F32BF14A4E}.Debug|Any CPU.ActiveCfg = Debug|Any CPU
		{C0F09778-D81B-4F7E-95C5-F9F32BF14A4E}.Debug|Any CPU.Build.0 = Debug|Any CPU
		{C0F09778-D81B-4F7E-95C5-F9F32BF14A4E}.Release|Any CPU.ActiveCfg = Release|Any CPU
		{C0F09778-D81B-4F7E-95C5-F9F32BF14A4E}.Release|Any CPU.Build.0 = Release|Any CPU
	EndGlobalSection
	GlobalSection(SolutionProperties) = preSolution
		HideSolutionNode = FALSE
	EndGlobalSection
	GlobalSection(ExtensibilityGlobals) = postSolution
		SolutionGuid = {1169C399-9A2C-4270-9FFF-ABE116610D00}
	EndGlobalSection
EndGlobal
